// !$*UTF8*$!
{
	archiveVersion = 1;
	classes = {
	};
	objectVersion = 77;
	objects = {

/* Begin PBXBuildFile section */
		0443A16D2EA7E95B00F4431C /* FirebaseAnalytics in Frameworks */ = {isa = PBXBuildFile; productRef = 0443A16C2EA7E95B00F4431C /* FirebaseAnalytics */; };
		0443A16F2EA7E95B00F4431C /* FirebaseAuth in Frameworks */ = {isa = PBXBuildFile; productRef = 0443A16E2EA7E95B00F4431C /* FirebaseAuth */; };
		0443A1712EA7E95B00F4431C /* FirebaseFirestore in Frameworks */ = {isa = PBXBuildFile; productRef = 0443A1702EA7E95B00F4431C /* FirebaseFirestore */; };
		0443A1732EA7E95B00F4431C /* FirebaseMessaging in Frameworks */ = {isa = PBXBuildFile; productRef = 0443A1722EA7E95B00F4431C /* FirebaseMessaging */; };
		0443A1752EA7E95B00F4431C /* FirebaseStorage in Frameworks */ = {isa = PBXBuildFile; productRef = 0443A1742EA7E95B00F4431C /* FirebaseStorage */; };
		0443A1AC2EA7FF4400F4431C /* FirebaseDatabase in Frameworks */ = {isa = PBXBuildFile; productRef = 0443A1AB2EA7FF4400F4431C /* FirebaseDatabase */; };
/* End PBXBuildFile section */

/* Begin PBXContainerItemProxy section */
		0443A14F2EA7DB5700F4431C /* PBXContainerItemProxy */ = {
			isa = PBXContainerItemProxy;
			containerPortal = 0443A1362EA7DB5500F4431C /* Project object */;
			proxyType = 1;
			remoteGlobalIDString = 0443A13D2EA7DB5500F4431C;
			remoteInfo = WorldChat;
		};
		0443A1592EA7DB5700F4431C /* PBXContainerItemProxy */ = {
			isa = PBXContainerItemProxy;
			containerPortal = 0443A1362EA7DB5500F4431C /* Project object */;
			proxyType = 1;
			remoteGlobalIDString = 0443A13D2EA7DB5500F4431C;
			remoteInfo = WorldChat;
		};
/* End PBXContainerItemProxy section */

/* Begin PBXFileReference section */
		0443A13E2EA7DB5500F4431C /* WorldChat.app */ = {isa = PBXFileReference; explicitFileType = wrapper.application; includeInIndex = 0; path = WorldChat.app; sourceTree = BUILT_PRODUCTS_DIR; };
		0443A14E2EA7DB5700F4431C /* WorldChatTests.xctest */ = {isa = PBXFileReference; explicitFileType = wrapper.cfbundle; includeInIndex = 0; path = WorldChatTests.xctest; sourceTree = BUILT_PRODUCTS_DIR; };
		0443A1582EA7DB5700F4431C /* WorldChatUITests.xctest */ = {isa = PBXFileReference; explicitFileType = wrapper.cfbundle; includeInIndex = 0; path = WorldChatUITests.xctest; sourceTree = BUILT_PRODUCTS_DIR; };
/* End PBXFileReference section */

/* Begin PBXFileSystemSynchronizedRootGroup section */
		0443A1402EA7DB5500F4431C /* WorldChat */ = {
			isa = PBXFileSystemSynchronizedRootGroup;
			path = WorldChat;
			sourceTree = "<group>";
		};
		0443A1512EA7DB5700F4431C /* WorldChatTests */ = {
			isa = PBXFileSystemSynchronizedRootGroup;
			path = WorldChatTests;
			sourceTree = "<group>";
		};
		0443A15B2EA7DB5700F4431C /* WorldChatUITests */ = {
			isa = PBXFileSystemSynchronizedRootGroup;
			path = WorldChatUITests;
			sourceTree = "<group>";
		};
/* End PBXFileSystemSynchronizedRootGroup section */

/* Begin PBXFrameworksBuildPhase section */
		0443A13B2EA7DB5500F4431C /* Frameworks */ = {
			isa = PBXFrameworksBuildPhase;
			buildActionMask = 2147483647;
			files = (
				0443A1AC2EA7FF4400F4431C /* FirebaseDatabase in Frameworks */,
				0443A1732EA7E95B00F4431C /* FirebaseMessaging in Frameworks */,
				0443A16D2EA7E95B00F4431C /* FirebaseAnalytics in Frameworks */,
				0443A16F2EA7E95B00F4431C /* FirebaseAuth in Frameworks */,
				0443A1752EA7E95B00F4431C /* FirebaseStorage in Frameworks */,
				0443A1712EA7E95B00F4431C /* FirebaseFirestore in Frameworks */,
			);
			runOnlyForDeploymentPostprocessing = 0;
		};
		0443A14B2EA7DB5700F4431C /* Frameworks */ = {
			isa = PBXFrameworksBuildPhase;
			buildActionMask = 2147483647;
			files = (
			);
			runOnlyForDeploymentPostprocessing = 0;
		};
		0443A1552EA7DB5700F4431C /* Frameworks */ = {
			isa = PBXFrameworksBuildPhase;
			buildActionMask = 2147483647;
			files = (
			);
			runOnlyForDeploymentPostprocessing = 0;
		};
/* End PBXFrameworksBuildPhase section */

/* Begin PBXGroup section */
		0443A1352EA7DB5500F4431C = {
			isa = PBXGroup;
			children = (
				0443A1402EA7DB5500F4431C /* WorldChat */,
				0443A1512EA7DB5700F4431C /* WorldChatTests */,
				0443A15B2EA7DB5700F4431C /* WorldChatUITests */,
				0443A1AA2EA7FF4400F4431C /* Frameworks */,
				0443A13F2EA7DB5500F4431C /* Products */,
			);
			sourceTree = "<group>";
		};
		0443A13F2EA7DB5500F4431C /* Products */ = {
			isa = PBXGroup;
			children = (
				0443A13E2EA7DB5500F4431C /* WorldChat.app */,
				0443A14E2EA7DB5700F4431C /* WorldChatTests.xctest */,
				0443A1582EA7DB5700F4431C /* WorldChatUITests.xctest */,
			);
			name = Products;
			sourceTree = "<group>";
		};
		0443A1AA2EA7FF4400F4431C /* Frameworks */ = {
			isa = PBXGroup;
			children = (
			);
			name = Frameworks;
			sourceTree = "<group>";
		};
/* End PBXGroup section */

/* Begin PBXNativeTarget section */
		0443A13D2EA7DB5500F4431C /* WorldChat */ = {
			isa = PBXNativeTarget;
			buildConfigurationList = 0443A1622EA7DB5700F4431C /* Build configuration list for PBXNativeTarget "WorldChat" */;
			buildPhases = (
				0443A13A2EA7DB5500F4431C /* Sources */,
				0443A13B2EA7DB5500F4431C /* Frameworks */,
				0443A13C2EA7DB5500F4431C /* Resources */,
			);
			buildRules = (
			);
			dependencies = (
			);
			fileSystemSynchronizedGroups = (
				0443A1402EA7DB5500F4431C /* WorldChat */,
			);
			name = WorldChat;
			packageProductDependencies = (
				0443A16C2EA7E95B00F4431C /* FirebaseAnalytics */,
				0443A16E2EA7E95B00F4431C /* FirebaseAuth */,
				0443A1702EA7E95B00F4431C /* FirebaseFirestore */,
				0443A1722EA7E95B00F4431C /* FirebaseMessaging */,
				0443A1742EA7E95B00F4431C /* FirebaseStorage */,
				0443A1AB2EA7FF4400F4431C /* FirebaseDatabase */,
			);
			productName = WorldChat;
			productReference = 0443A13E2EA7DB5500F4431C /* WorldChat.app */;
			productType = "com.apple.product-type.application";
		};
		0443A14D2EA7DB5700F4431C /* WorldChatTests */ = {
			isa = PBXNativeTarget;
			buildConfigurationList = 0443A1652EA7DB5700F4431C /* Build configuration list for PBXNativeTarget "WorldChatTests" */;
			buildPhases = (
				0443A14A2EA7DB5700F4431C /* Sources */,
				0443A14B2EA7DB5700F4431C /* Frameworks */,
				0443A14C2EA7DB5700F4431C /* Resources */,
			);
			buildRules = (
			);
			dependencies = (
				0443A1502EA7DB5700F4431C /* PBXTargetDependency */,
			);
			fileSystemSynchronizedGroups = (
				0443A1512EA7DB5700F4431C /* WorldChatTests */,
			);
			name = WorldChatTests;
			packageProductDependencies = (
			);
			productName = WorldChatTests;
			productReference = 0443A14E2EA7DB5700F4431C /* WorldChatTests.xctest */;
			productType = "com.apple.product-type.bundle.unit-test";
		};
		0443A1572EA7DB5700F4431C /* WorldChatUITests */ = {
			isa = PBXNativeTarget;
			buildConfigurationList = 0443A1682EA7DB5700F4431C /* Build configuration list for PBXNativeTarget "WorldChatUITests" */;
			buildPhases = (
				0443A1542EA7DB5700F4431C /* Sources */,
				0443A1552EA7DB5700F4431C /* Frameworks */,
				0443A1562EA7DB5700F4431C /* Resources */,
			);
			buildRules = (
			);
			dependencies = (
				0443A15A2EA7DB5700F4431C /* PBXTargetDependency */,
			);
			fileSystemSynchronizedGroups = (
				0443A15B2EA7DB5700F4431C /* WorldChatUITests */,
			);
			name = WorldChatUITests;
			packageProductDependencies = (
			);
			productName = WorldChatUITests;
			productReference = 0443A1582EA7DB5700F4431C /* WorldChatUITests.xctest */;
			productType = "com.apple.product-type.bundle.ui-testing";
		};
/* End PBXNativeTarget section */

/* Begin PBXProject section */
		0443A1362EA7DB5500F4431C /* Project object */ = {
			isa = PBXProject;
			attributes = {
				BuildIndependentTargetsInParallel = 1;
				LastSwiftUpdateCheck = 1620;
				LastUpgradeCheck = 1620;
				TargetAttributes = {
					0443A13D2EA7DB5500F4431C = {
						CreatedOnToolsVersion = 16.2;
					};
					0443A14D2EA7DB5700F4431C = {
						CreatedOnToolsVersion = 16.2;
						TestTargetID = 0443A13D2EA7DB5500F4431C;
					};
					0443A1572EA7DB5700F4431C = {
						CreatedOnToolsVersion = 16.2;
						TestTargetID = 0443A13D2EA7DB5500F4431C;
					};
				};
			};
			buildConfigurationList = 0443A1392EA7DB5500F4431C /* Build configuration list for PBXProject "WorldChat" */;
			developmentRegion = en;
			hasScannedForEncodings = 0;
			knownRegions = (
				en,
				Base,
			);
			mainGroup = 0443A1352EA7DB5500F4431C;
			minimizedProjectReferenceProxies = 1;
			packageReferences = (
				0443A16B2EA7E95B00F4431C /* XCRemoteSwiftPackageReference "firebase-ios-sdk" */,
			);
			preferredProjectObjectVersion = 77;
			productRefGroup = 0443A13F2EA7DB5500F4431C /* Products */;
			projectDirPath = "";
			projectRoot = "";
			targets = (
				0443A13D2EA7DB5500F4431C /* WorldChat */,
				0443A14D2EA7DB5700F4431C /* WorldChatTests */,
				0443A1572EA7DB5700F4431C /* WorldChatUITests */,
			);
		};
/* End PBXProject section */

/* Begin PBXResourcesBuildPhase section */
		0443A13C2EA7DB5500F4431C /* Resources */ = {
			isa = PBXResourcesBuildPhase;
			buildActionMask = 2147483647;
			files = (
			);
			runOnlyForDeploymentPostprocessing = 0;
		};
		0443A14C2EA7DB5700F4431C /* Resources */ = {
			isa = PBXResourcesBuildPhase;
			buildActionMask = 2147483647;
			files = (
			);
			runOnlyForDeploymentPostprocessing = 0;
		};
		0443A1562EA7DB5700F4431C /* Resources */ = {
			isa = PBXResourcesBuildPhase;
			buildActionMask = 2147483647;
			files = (
			);
			runOnlyForDeploymentPostprocessing = 0;
		};
/* End PBXResourcesBuildPhase section */

/* Begin PBXSourcesBuildPhase section */
		0443A13A2EA7DB5500F4431C /* Sources */ = {
			isa = PBXSourcesBuildPhase;
			buildActionMask = 2147483647;
			files = (
			);
			runOnlyForDeploymentPostprocessing = 0;
		};
		0443A14A2EA7DB5700F4431C /* Sources */ = {
			isa = PBXSourcesBuildPhase;
			buildActionMask = 2147483647;
			files = (
			);
			runOnlyForDeploymentPostprocessing = 0;
		};
		0443A1542EA7DB5700F4431C /* Sources */ = {
			isa = PBXSourcesBuildPhase;
			buildActionMask = 2147483647;
			files = (
			);
			runOnlyForDeploymentPostprocessing = 0;
		};
/* End PBXSourcesBuildPhase section */

/* Begin PBXTargetDependency section */
		0443A1502EA7DB5700F4431C /* PBXTargetDependency */ = {
			isa = PBXTargetDependency;
			target = 0443A13D2EA7DB5500F4431C /* WorldChat */;
			targetProxy = 0443A14F2EA7DB5700F4431C /* PBXContainerItemProxy */;
		};
		0443A15A2EA7DB5700F4431C /* PBXTargetDependency */ = {
			isa = PBXTargetDependency;
			target = 0443A13D2EA7DB5500F4431C /* WorldChat */;
			targetProxy = 0443A1592EA7DB5700F4431C /* PBXContainerItemProxy */;
		};
/* End PBXTargetDependency section */

/* Begin XCBuildConfiguration section */
		0443A1602EA7DB5700F4431C /* Debug */ = {
			isa = XCBuildConfiguration;
			buildSettings = {
				ALWAYS_SEARCH_USER_PATHS = NO;
				ASSETCATALOG_COMPILER_GENERATE_SWIFT_ASSET_SYMBOL_EXTENSIONS = YES;
				CLANG_ANALYZER_NONNULL = YES;
				CLANG_ANALYZER_NUMBER_OBJECT_CONVERSION = YES_AGGRESSIVE;
				CLANG_CXX_LANGUAGE_STANDARD = "gnu++20";
				CLANG_ENABLE_MODULES = YES;
				CLANG_ENABLE_OBJC_ARC = YES;
				CLANG_ENABLE_OBJC_WEAK = YES;
				CLANG_WARN_BLOCK_CAPTURE_AUTORELEASING = YES;
				CLANG_WARN_BOOL_CONVERSION = YES;
				CLANG_WARN_COMMA = YES;
				CLANG_WARN_CONSTANT_CONVERSION = YES;
				CLANG_WARN_DEPRECATED_OBJC_IMPLEMENTATIONS = YES;
				CLANG_WARN_DIRECT_OBJC_ISA_USAGE = YES_ERROR;
				CLANG_WARN_DOCUMENTATION_COMMENTS = YES;
				CLANG_WARN_EMPTY_BODY = YES;
				CLANG_WARN_ENUM_CONVERSION = YES;
				CLANG_WARN_INFINITE_RECURSION = YES;
				CLANG_WARN_INT_CONVERSION = YES;
				CLANG_WARN_NON_LITERAL_NULL_CONVERSION = YES;
				CLANG_WARN_OBJC_IMPLICIT_RETAIN_SELF = YES;
				CLANG_WARN_OBJC_LITERAL_CONVERSION = YES;
				CLANG_WARN_OBJC_ROOT_CLASS = YES_ERROR;
				CLANG_WARN_QUOTED_INCLUDE_IN_FRAMEWORK_HEADER = YES;
				CLANG_WARN_RANGE_LOOP_ANALYSIS = YES;
				CLANG_WARN_STRICT_PROTOTYPES = YES;
				CLANG_WARN_SUSPICIOUS_MOVE = YES;
				CLANG_WARN_UNGUARDED_AVAILABILITY = YES_AGGRESSIVE;
				CLANG_WARN_UNREACHABLE_CODE = YES;
				CLANG_WARN__DUPLICATE_METHOD_MATCH = YES;
				COPY_PHASE_STRIP = NO;
				DEBUG_INFORMATION_FORMAT = dwarf;
				ENABLE_STRICT_OBJC_MSGSEND = YES;
				ENABLE_TESTABILITY = YES;
				ENABLE_USER_SCRIPT_SANDBOXING = YES;
				GCC_C_LANGUAGE_STANDARD = gnu17;
				GCC_DYNAMIC_NO_PIC = NO;
				GCC_NO_COMMON_BLOCKS = YES;
				GCC_OPTIMIZATION_LEVEL = 0;
				GCC_PREPROCESSOR_DEFINITIONS = (
					"DEBUG=1",
					"$(inherited)",
				);
				GCC_WARN_64_TO_32_BIT_CONVERSION = YES;
				GCC_WARN_ABOUT_RETURN_TYPE = YES_ERROR;
				GCC_WARN_UNDECLARED_SELECTOR = YES;
				GCC_WARN_UNINITIALIZED_AUTOS = YES_AGGRESSIVE;
				GCC_WARN_UNUSED_FUNCTION = YES;
				GCC_WARN_UNUSED_VARIABLE = YES;
				IPHONEOS_DEPLOYMENT_TARGET = 18.2;
				LOCALIZATION_PREFERS_STRING_CATALOGS = YES;
				MTL_ENABLE_DEBUG_INFO = INCLUDE_SOURCE;
				MTL_FAST_MATH = YES;
				ONLY_ACTIVE_ARCH = YES;
				SDKROOT = iphoneos;
				SWIFT_ACTIVE_COMPILATION_CONDITIONS = "DEBUG $(inherited)";
				SWIFT_OPTIMIZATION_LEVEL = "-Onone";
			};
			name = Debug;
		};
		0443A1612EA7DB5700F4431C /* Release */ = {
			isa = XCBuildConfiguration;
			buildSettings = {
				ALWAYS_SEARCH_USER_PATHS = NO;
				ASSETCATALOG_COMPILER_GENERATE_SWIFT_ASSET_SYMBOL_EXTENSIONS = YES;
				CLANG_ANALYZER_NONNULL = YES;
				CLANG_ANALYZER_NUMBER_OBJECT_CONVERSION = YES_AGGRESSIVE;
				CLANG_CXX_LANGUAGE_STANDARD = "gnu++20";
				CLANG_ENABLE_MODULES = YES;
				CLANG_ENABLE_OBJC_ARC = YES;
				CLANG_ENABLE_OBJC_WEAK = YES;
				CLANG_WARN_BLOCK_CAPTURE_AUTORELEASING = YES;
				CLANG_WARN_BOOL_CONVERSION = YES;
				CLANG_WARN_COMMA = YES;
				CLANG_WARN_CONSTANT_CONVERSION = YES;
				CLANG_WARN_DEPRECATED_OBJC_IMPLEMENTATIONS = YES;
				CLANG_WARN_DIRECT_OBJC_ISA_USAGE = YES_ERROR;
				CLANG_WARN_DOCUMENTATION_COMMENTS = YES;
				CLANG_WARN_EMPTY_BODY = YES;
				CLANG_WARN_ENUM_CONVERSION = YES;
				CLANG_WARN_INFINITE_RECURSION = YES;
				CLANG_WARN_INT_CONVERSION = YES;
				CLANG_WARN_NON_LITERAL_NULL_CONVERSION = YES;
				CLANG_WARN_OBJC_IMPLICIT_RETAIN_SELF = YES;
				CLANG_WARN_OBJC_LITERAL_CONVERSION = YES;
				CLANG_WARN_OBJC_ROOT_CLASS = YES_ERROR;
				CLANG_WARN_QUOTED_INCLUDE_IN_FRAMEWORK_HEADER = YES;
				CLANG_WARN_RANGE_LOOP_ANALYSIS = YES;
				CLANG_WARN_STRICT_PROTOTYPES = YES;
				CLANG_WARN_SUSPICIOUS_MOVE = YES;
				CLANG_WARN_UNGUARDED_AVAILABILITY = YES_AGGRESSIVE;
				CLANG_WARN_UNREACHABLE_CODE = YES;
				CLANG_WARN__DUPLICATE_METHOD_MATCH = YES;
				COPY_PHASE_STRIP = NO;
				DEBUG_INFORMATION_FORMAT = "dwarf-with-dsym";
				ENABLE_NS_ASSERTIONS = NO;
				ENABLE_STRICT_OBJC_MSGSEND = YES;
				ENABLE_USER_SCRIPT_SANDBOXING = YES;
				GCC_C_LANGUAGE_STANDARD = gnu17;
				GCC_NO_COMMON_BLOCKS = YES;
				GCC_WARN_64_TO_32_BIT_CONVERSION = YES;
				GCC_WARN_ABOUT_RETURN_TYPE = YES_ERROR;
				GCC_WARN_UNDECLARED_SELECTOR = YES;
				GCC_WARN_UNINITIALIZED_AUTOS = YES_AGGRESSIVE;
				GCC_WARN_UNUSED_FUNCTION = YES;
				GCC_WARN_UNUSED_VARIABLE = YES;
				IPHONEOS_DEPLOYMENT_TARGET = 18.2;
				LOCALIZATION_PREFERS_STRING_CATALOGS = YES;
				MTL_ENABLE_DEBUG_INFO = NO;
				MTL_FAST_MATH = YES;
				SDKROOT = iphoneos;
				SWIFT_COMPILATION_MODE = wholemodule;
				VALIDATE_PRODUCT = YES;
			};
			name = Release;
		};
		0443A1632EA7DB5700F4431C /* Debug */ = {
			isa = XCBuildConfiguration;
			buildSettings = {
				ASSETCATALOG_COMPILER_APPICON_NAME = AppIcon;
				ASSETCATALOG_COMPILER_GLOBAL_ACCENT_COLOR_NAME = AccentColor;
				CODE_SIGN_STYLE = Automatic;
				CURRENT_PROJECT_VERSION = 1;
				DEVELOPMENT_ASSET_PATHS = "\"WorldChat/Preview Content\"";
				DEVELOPMENT_TEAM = DD47KSW3UL;
				ENABLE_PREVIEWS = YES;
				GENERATE_INFOPLIST_FILE = YES;
				INFOPLIST_KEY_UIApplicationSceneManifest_Generation = YES;
				INFOPLIST_KEY_UIApplicationSupportsIndirectInputEvents = YES;
				INFOPLIST_KEY_UILaunchScreen_Generation = YES;
				INFOPLIST_KEY_UISupportedInterfaceOrientations_iPad = "UIInterfaceOrientationPortrait UIInterfaceOrientationPortraitUpsideDown UIInterfaceOrientationLandscapeLeft UIInterfaceOrientationLandscapeRight";
				INFOPLIST_KEY_UISupportedInterfaceOrientations_iPhone = "UIInterfaceOrientationPortrait UIInterfaceOrientationLandscapeLeft UIInterfaceOrientationLandscapeRight";
				LD_RUNPATH_SEARCH_PATHS = (
					"$(inherited)",
					"@executable_path/Frameworks",
				);
				MARKETING_VERSION = 1.0;
				PRODUCT_BUNDLE_IDENTIFIER = com.yourname.worldchat;
				PRODUCT_NAME = "$(TARGET_NAME)";
				SWIFT_EMIT_LOC_STRINGS = YES;
				SWIFT_VERSION = 5.0;
				TARGETED_DEVICE_FAMILY = "1,2";
			};
			name = Debug;
		};
		0443A1642EA7DB5700F4431C /* Release */ = {
			isa = XCBuildConfiguration;
			buildSettings = {
				ASSETCATALOG_COMPILER_APPICON_NAME = AppIcon;
				ASSETCATALOG_COMPILER_GLOBAL_ACCENT_COLOR_NAME = AccentColor;
				CODE_SIGN_STYLE = Automatic;
				CURRENT_PROJECT_VERSION = 1;
				DEVELOPMENT_ASSET_PATHS = "\"WorldChat/Preview Content\"";
				DEVELOPMENT_TEAM = DD47KSW3UL;
				ENABLE_PREVIEWS = YES;
				GENERATE_INFOPLIST_FILE = YES;
				INFOPLIST_KEY_UIApplicationSceneManifest_Generation = YES;
				INFOPLIST_KEY_UIApplicationSupportsIndirectInputEvents = YES;
				INFOPLIST_KEY_UILaunchScreen_Generation = YES;
				INFOPLIST_KEY_UISupportedInterfaceOrientations_iPad = "UIInterfaceOrientationPortrait UIInterfaceOrientationPortraitUpsideDown UIInterfaceOrientationLandscapeLeft UIInterfaceOrientationLandscapeRight";
				INFOPLIST_KEY_UISupportedInterfaceOrientations_iPhone = "UIInterfaceOrientationPortrait UIInterfaceOrientationLandscapeLeft UIInterfaceOrientationLandscapeRight";
				LD_RUNPATH_SEARCH_PATHS = (
					"$(inherited)",
					"@executable_path/Frameworks",
				);
				MARKETING_VERSION = 1.0;
				PRODUCT_BUNDLE_IDENTIFIER = com.yourname.worldchat;
				PRODUCT_NAME = "$(TARGET_NAME)";
				SWIFT_EMIT_LOC_STRINGS = YES;
				SWIFT_VERSION = 5.0;
				TARGETED_DEVICE_FAMILY = "1,2";
			};
			name = Release;
		};
		0443A1662EA7DB5700F4431C /* Debug */ = {
			isa = XCBuildConfiguration;
			buildSettings = {
				BUNDLE_LOADER = "$(TEST_HOST)";
				CODE_SIGN_STYLE = Automatic;
				CURRENT_PROJECT_VERSION = 1;
				DEVELOPMENT_TEAM = DD47KSW3UL;
				GENERATE_INFOPLIST_FILE = YES;
				IPHONEOS_DEPLOYMENT_TARGET = 18.2;
				MARKETING_VERSION = 1.0;
				PRODUCT_BUNDLE_IDENTIFIER = com.matthewbarge.WorldChatTests;
				PRODUCT_NAME = "$(TARGET_NAME)";
				SWIFT_EMIT_LOC_STRINGS = NO;
				SWIFT_VERSION = 5.0;
				TARGETED_DEVICE_FAMILY = "1,2";
				TEST_HOST = "$(BUILT_PRODUCTS_DIR)/WorldChat.app/$(BUNDLE_EXECUTABLE_FOLDER_PATH)/WorldChat";
			};
			name = Debug;
		};
		0443A1672EA7DB5700F4431C /* Release */ = {
			isa = XCBuildConfiguration;
			buildSettings = {
				BUNDLE_LOADER = "$(TEST_HOST)";
				CODE_SIGN_STYLE = Automatic;
				CURRENT_PROJECT_VERSION = 1;
				DEVELOPMENT_TEAM = DD47KSW3UL;
				GENERATE_INFOPLIST_FILE = YES;
				IPHONEOS_DEPLOYMENT_TARGET = 18.2;
				MARKETING_VERSION = 1.0;
				PRODUCT_BUNDLE_IDENTIFIER = com.matthewbarge.WorldChatTests;
				PRODUCT_NAME = "$(TARGET_NAME)";
				SWIFT_EMIT_LOC_STRINGS = NO;
				SWIFT_VERSION = 5.0;
				TARGETED_DEVICE_FAMILY = "1,2";
				TEST_HOST = "$(BUILT_PRODUCTS_DIR)/WorldChat.app/$(BUNDLE_EXECUTABLE_FOLDER_PATH)/WorldChat";
			};
			name = Release;
		};
		0443A1692EA7DB5700F4431C /* Debug */ = {
			isa = XCBuildConfiguration;
			buildSettings = {
				CODE_SIGN_STYLE = Automatic;
				CURRENT_PROJECT_VERSION = 1;
				DEVELOPMENT_TEAM = DD47KSW3UL;
				GENERATE_INFOPLIST_FILE = YES;
				MARKETING_VERSION = 1.0;
				PRODUCT_BUNDLE_IDENTIFIER = com.matthewbarge.WorldChatUITests;
				PRODUCT_NAME = "$(TARGET_NAME)";
				SWIFT_EMIT_LOC_STRINGS = NO;
				SWIFT_VERSION = 5.0;
				TARGETED_DEVICE_FAMILY = "1,2";
				TEST_TARGET_NAME = WorldChat;
			};
			name = Debug;
		};
		0443A16A2EA7DB5700F4431C /* Release */ = {
			isa = XCBuildConfiguration;
			buildSettings = {
				CODE_SIGN_STYLE = Automatic;
				CURRENT_PROJECT_VERSION = 1;
				DEVELOPMENT_TEAM = DD47KSW3UL;
				GENERATE_INFOPLIST_FILE = YES;
				MARKETING_VERSION = 1.0;
				PRODUCT_BUNDLE_IDENTIFIER = com.matthewbarge.WorldChatUITests;
				PRODUCT_NAME = "$(TARGET_NAME)";
				SWIFT_EMIT_LOC_STRINGS = NO;
				SWIFT_VERSION = 5.0;
				TARGETED_DEVICE_FAMILY = "1,2";
				TEST_TARGET_NAME = WorldChat;
			};
			name = Release;
		};
/* End XCBuildConfiguration section */

/* Begin XCConfigurationList section */
		0443A1392EA7DB5500F4431C /* Build configuration list for PBXProject "WorldChat" */ = {
			isa = XCConfigurationList;
			buildConfigurations = (
				0443A1602EA7DB5700F4431C /* Debug */,
				0443A1612EA7DB5700F4431C /* Release */,
			);
			defaultConfigurationIsVisible = 0;
			defaultConfigurationName = Release;
		};
		0443A1622EA7DB5700F4431C /* Build configuration list for PBXNativeTarget "WorldChat" */ = {
			isa = XCConfigurationList;
			buildConfigurations = (
				0443A1632EA7DB5700F4431C /* Debug */,
				0443A1642EA7DB5700F4431C /* Release */,
			);
			defaultConfigurationIsVisible = 0;
			defaultConfigurationName = Release;
		};
		0443A1652EA7DB5700F4431C /* Build configuration list for PBXNativeTarget "WorldChatTests" */ = {
			isa = XCConfigurationList;
			buildConfigurations = (
				0443A1662EA7DB5700F4431C /* Debug */,
				0443A1672EA7DB5700F4431C /* Release */,
			);
			defaultConfigurationIsVisible = 0;
			defaultConfigurationName = Release;
		};
		0443A1682EA7DB5700F4431C /* Build configuration list for PBXNativeTarget "WorldChatUITests" */ = {
			isa = XCConfigurationList;
			buildConfigurations = (
				0443A1692EA7DB5700F4431C /* Debug */,
				0443A16A2EA7DB5700F4431C /* Release */,
			);
			defaultConfigurationIsVisible = 0;
			defaultConfigurationName = Release;
		};
/* End XCConfigurationList section */

/* Begin XCRemoteSwiftPackageReference section */
		0443A16B2EA7E95B00F4431C /* XCRemoteSwiftPackageReference "firebase-ios-sdk" */ = {
			isa = XCRemoteSwiftPackageReference;
			repositoryURL = "https://github.com/firebase/firebase-ios-sdk.git";
			requirement = {
				kind = upToNextMajorVersion;
				minimumVersion = 12.4.0;
			};
		};
/* End XCRemoteSwiftPackageReference section */

/* Begin XCSwiftPackageProductDependency section */
		0443A16C2EA7E95B00F4431C /* FirebaseAnalytics */ = {
			isa = XCSwiftPackageProductDependency;
			package = 0443A16B2EA7E95B00F4431C /* XCRemoteSwiftPackageReference "firebase-ios-sdk" */;
			productName = FirebaseAnalytics;
		};
		0443A16E2EA7E95B00F4431C /* FirebaseAuth */ = {
			isa = XCSwiftPackageProductDependency;
			package = 0443A16B2EA7E95B00F4431C /* XCRemoteSwiftPackageReference "firebase-ios-sdk" */;
			productName = FirebaseAuth;
		};
		0443A1702EA7E95B00F4431C /* FirebaseFirestore */ = {
			isa = XCSwiftPackageProductDependency;
			package = 0443A16B2EA7E95B00F4431C /* XCRemoteSwiftPackageReference "firebase-ios-sdk" */;
			productName = FirebaseFirestore;
		};
		0443A1722EA7E95B00F4431C /* FirebaseMessaging */ = {
			isa = XCSwiftPackageProductDependency;
			package = 0443A16B2EA7E95B00F4431C /* XCRemoteSwiftPackageReference "firebase-ios-sdk" */;
			productName = FirebaseMessaging;
		};
		0443A1742EA7E95B00F4431C /* FirebaseStorage */ = {
			isa = XCSwiftPackageProductDependency;
			package = 0443A16B2EA7E95B00F4431C /* XCRemoteSwiftPackageReference "firebase-ios-sdk" */;
			productName = FirebaseStorage;
		};
		0443A1AB2EA7FF4400F4431C /* FirebaseDatabase */ = {
			isa = XCSwiftPackageProductDependency;
			package = 0443A16B2EA7E95B00F4431C /* XCRemoteSwiftPackageReference "firebase-ios-sdk" */;
			productName = FirebaseDatabase;
		};
/* End XCSwiftPackageProductDependency section */
	};
	rootObject = 0443A1362EA7DB5500F4431C /* Project object */;
}
